
Microsoft Visual Studio Solution File, Format Version 12.00
# Visual Studio Version 17
VisualStudioVersion = 17.10.34804.81
MinimumVisualStudioVersion = 10.0.40219.1
Project("{9A19103F-16F7-4668-BE54-9A1E7A4F7556}") = "HIS.Api", "src\HIS.Api\HIS.Api.csproj", "{67348BA7-7382-4076-8501-6BA3102263E4}"
EndProject
Project("{9A19103F-16F7-4668-BE54-9A1E7A4F7556}") = "HIS.Application", "src\HIS.Application\HIS.Application.csproj", "{43C27A21-F80A-498F-9999-EEFFDA14BB70}"
EndProject
Project("{9A19103F-16F7-4668-BE54-9A1E7A4F7556}") = "HIS.Contracts", "src\HIS.Contracts\HIS.Contracts.csproj", "{AB93BD1B-54E3-49E8-BA3E-BF342532C75C}"
EndProject
Project("{FAE04EC0-301F-11D3-BF4B-00C04F79EFBC}") = "HIS.Api.Sdk", "src\HIS.Api.Sdk\HIS.Api.Sdk.csproj", "{8D276BE5-F04F-441A-818F-952FC07CDBE1}"
EndProject
Project("{FAE04EC0-301F-11D3-BF4B-00C04F79EFBC}") = "HIS.Api.Sdk.Consumer", "src\HIS.Api.Sdk.Consumer\HIS.Api.Sdk.Consumer.csproj", "{824B433F-735D-433E-AD8F-E7423957EEDB}"
EndProject
Project("{FAE04EC0-301F-11D3-BF4B-00C04F79EFBC}") = "HIS.Api.Tests.Integration", "tests\HIS.Api.Tests.Integration\HIS.Api.Tests.Integration.csproj", "{B3944C1E-2029-4D6E-A19C-E74BCC3DF41F}"
EndProject
Project("{2150E333-8FDC-42A3-9474-1A3956D46DE8}") = "src", "src", "{02EA681E-C7D8-13C7-8484-4AC65E1B71E8}"
EndProject
Project("{2150E333-8FDC-42A3-9474-1A3956D46DE8}") = "tests", "tests", "{DCC011EC-7A09-43BD-BC51-56ABCE6AB7FA}"
EndProject
Global
	GlobalSection(SolutionConfigurationPlatforms) = preSolution
		Debug|Any CPU = Debug|Any CPU
		Release|Any CPU = Release|Any CPU
	EndGlobalSection
	GlobalSection(ProjectConfigurationPlatforms) = postSolution
		{67348BA7-7382-4076-8501-6BA3102263E4}.Debug|Any CPU.ActiveCfg = Debug|Any CPU
		{67348BA7-7382-4076-8501-6BA3102263E4}.Debug|Any CPU.Build.0 = Debug|Any CPU
		{67348BA7-7382-4076-8501-6BA3102263E4}.Release|Any CPU.ActiveCfg = Release|Any CPU
		{67348BA7-7382-4076-8501-6BA3102263E4}.Release|Any CPU.Build.0 = Release|Any CPU
		{43C27A21-F80A-498F-9999-EEFFDA14BB70}.Debug|Any CPU.ActiveCfg = Debug|Any CPU
		{43C27A21-F80A-498F-9999-EEFFDA14BB70}.Debug|Any CPU.Build.0 = Debug|Any CPU
		{43C27A21-F80A-498F-9999-EEFFDA14BB70}.Release|Any CPU.ActiveCfg = Release|Any CPU
		{43C27A21-F80A-498F-9999-EEFFDA14BB70}.Release|Any CPU.Build.0 = Release|Any CPU
		{AB93BD1B-54E3-49E8-BA3E-BF342532C75C}.Debug|Any CPU.ActiveCfg = Debug|Any CPU
		{AB93BD1B-54E3-49E8-BA3E-BF342532C75C}.Debug|Any CPU.Build.0 = Debug|Any CPU
		{AB93BD1B-54E3-49E8-BA3E-BF342532C75C}.Release|Any CPU.ActiveCfg = Release|Any CPU
		{AB93BD1B-54E3-49E8-BA3E-BF342532C75C}.Release|Any CPU.Build.0 = Release|Any CPU
		{8D276BE5-F04F-441A-818F-952FC07CDBE1}.Debug|Any CPU.ActiveCfg = Debug|Any CPU
		{8D276BE5-F04F-441A-818F-952FC07CDBE1}.Debug|Any CPU.Build.0 = Debug|Any CPU
		{8D276BE5-F04F-441A-818F-952FC07CDBE1}.Release|Any CPU.ActiveCfg = Release|Any CPU
		{8D276BE5-F04F-441A-818F-952FC07CDBE1}.Release|Any CPU.Build.0 = Release|Any CPU
		{824B433F-735D-433E-AD8F-E7423957EEDB}.Debug|Any CPU.ActiveCfg = Debug|Any CPU
		{824B433F-735D-433E-AD8F-E7423957EEDB}.Debug|Any CPU.Build.0 = Debug|Any CPU
		{824B433F-735D-433E-AD8F-E7423957EEDB}.Release|Any CPU.ActiveCfg = Release|Any CPU
		{824B433F-735D-433E-AD8F-E7423957EEDB}.Release|Any CPU.Build.0 = Release|Any CPU
		{B3944C1E-2029-4D6E-A19C-E74BCC3DF41F}.Debug|Any CPU.ActiveCfg = Debug|Any CPU
		{B3944C1E-2029-4D6E-A19C-E74BCC3DF41F}.Debug|Any CPU.Build.0 = Debug|Any CPU
		{B3944C1E-2029-4D6E-A19C-E74BCC3DF41F}.Release|Any CPU.ActiveCfg = Release|Any CPU
		{B3944C1E-2029-4D6E-A19C-E74BCC3DF41F}.Release|Any CPU.Build.0 = Release|Any CPU
	EndGlobalSection
	GlobalSection(SolutionProperties) = preSolution
		HideSolutionNode = FALSE
	EndGlobalSection
	GlobalSection(NestedProjects) = preSolution
		{67348BA7-7382-4076-8501-6BA3102263E4} = {02EA681E-C7D8-13C7-8484-4AC65E1B71E8}
		{43C27A21-F80A-498F-9999-EEFFDA14BB70} = {02EA681E-C7D8-13C7-8484-4AC65E1B71E8}
		{AB93BD1B-54E3-49E8-BA3E-BF342532C75C} = {02EA681E-C7D8-13C7-8484-4AC65E1B71E8}
		{8D276BE5-F04F-441A-818F-952FC07CDBE1} = {02EA681E-C7D8-13C7-8484-4AC65E1B71E8}
		{824B433F-735D-433E-AD8F-E7423957EEDB} = {02EA681E-C7D8-13C7-8484-4AC65E1B71E8}
		{B3944C1E-2029-4D6E-A19C-E74BCC3DF41F} = {DCC011EC-7A09-43BD-BC51-56ABCE6AB7FA}
	EndGlobalSection
	GlobalSection(ExtensibilityGlobals) = postSolution
		SolutionGuid = {135AFE01-D52E-47C6-905D-8E7914588AFE}
	EndGlobalSection
EndGlobal
