
Microsoft Visual Studio Solution File, Format Version 12.00
# Visual Studio Version 17
VisualStudioVersion = 17.10.34804.81
MinimumVisualStudioVersion = 10.0.40219.1
Project("{9A19103F-16F7-4668-BE54-9A1E7A4F7556}") = "HIS.Api", "HIS.Api\HIS.Api.csproj", "{67348BA7-7382-4076-8501-6BA3102263E4}"
EndProject
Project("{9A19103F-16F7-4668-BE54-9A1E7A4F7556}") = "HIS.Application", "HIS.Application\HIS.Application.csproj", "{43C27A21-F80A-498F-9999-EEFFDA14BB70}"
EndProject
Project("{9A19103F-16F7-4668-BE54-9A1E7A4F7556}") = "HIS.Contracts", "HIS.Contracts\HIS.Contracts.csproj", "{AB93BD1B-54E3-49E8-BA3E-BF342532C75C}"
EndProject
Global
	GlobalSection(SolutionConfigurationPlatforms) = preSolution
		Debug|Any CPU = Debug|Any CPU
		Release|Any CPU = Release|Any CPU
	EndGlobalSection
	GlobalSection(ProjectConfigurationPlatforms) = postSolution
		{67348BA7-7382-4076-8501-6BA3102263E4}.Debug|Any CPU.ActiveCfg = Debug|Any CPU
		{67348BA7-7382-4076-8501-6BA3102263E4}.Debug|Any CPU.Build.0 = Debug|Any CPU
		{67348BA7-7382-4076-8501-6BA3102263E4}.Release|Any CPU.ActiveCfg = Release|Any CPU
		{67348BA7-7382-4076-8501-6BA3102263E4}.Release|Any CPU.Build.0 = Release|Any CPU
		{43C27A21-F80A-498F-9999-EEFFDA14BB70}.Debug|Any CPU.ActiveCfg = Debug|Any CPU
		{43C27A21-F80A-498F-9999-EEFFDA14BB70}.Debug|Any CPU.Build.0 = Debug|Any CPU
		{43C27A21-F80A-498F-9999-EEFFDA14BB70}.Release|Any CPU.ActiveCfg = Release|Any CPU
		{43C27A21-F80A-498F-9999-EEFFDA14BB70}.Release|Any CPU.Build.0 = Release|Any CPU
		{AB93BD1B-54E3-49E8-BA3E-BF342532C75C}.Debug|Any CPU.ActiveCfg = Debug|Any CPU
		{AB93BD1B-54E3-49E8-BA3E-BF342532C75C}.Debug|Any CPU.Build.0 = Debug|Any CPU
		{AB93BD1B-54E3-49E8-BA3E-BF342532C75C}.Release|Any CPU.ActiveCfg = Release|Any CPU
		{AB93BD1B-54E3-49E8-BA3E-BF342532C75C}.Release|Any CPU.Build.0 = Release|Any CPU
	EndGlobalSection
	GlobalSection(SolutionProperties) = preSolution
		HideSolutionNode = FALSE
	EndGlobalSection
	GlobalSection(ExtensibilityGlobals) = postSolution
		SolutionGuid = {135AFE01-D52E-47C6-905D-8E7914588AFE}
	EndGlobalSection
EndGlobal
